// !$*UTF8*$!
{
	archiveVersion = 1;
	classes = {
	};
	objectVersion = 46;
	objects = {

/* Begin PBXBuildFile section */
		1706DA481E6C20A800358586 /* APImanager.swift in Sources */ = {isa = PBXBuildFile; fileRef = 1706DA471E6C20A800358586 /* APImanager.swift */; };
		1706DA4A1E6CB95300358586 /* TrackList.swift in Sources */ = {isa = PBXBuildFile; fileRef = 1706DA491E6CB95300358586 /* TrackList.swift */; };
		171869231E8EA02700036631 /* LaunchViewController.swift in Sources */ = {isa = PBXBuildFile; fileRef = 171869221E8EA02700036631 /* LaunchViewController.swift */; };
		1747573C1E9E774000DD512A /* Profile.storyboard in Resources */ = {isa = PBXBuildFile; fileRef = 1747573B1E9E774000DD512A /* Profile.storyboard */; };
		174C40421EB6713000B42CE5 /* UserFriendList.swift in Sources */ = {isa = PBXBuildFile; fileRef = 174C40411EB6713000B42CE5 /* UserFriendList.swift */; };
		174C40471EB682F800B42CE5 /* Friend.storyboard in Resources */ = {isa = PBXBuildFile; fileRef = 174C40461EB682F800B42CE5 /* Friend.storyboard */; };
		174C404E1EB684C400B42CE5 /* FriendTableViewController.swift in Sources */ = {isa = PBXBuildFile; fileRef = 174C404D1EB684C400B42CE5 /* FriendTableViewController.swift */; };
		17526ECF1EB7776900222E34 /* FriendTableViewCell.swift in Sources */ = {isa = PBXBuildFile; fileRef = 17526ECE1EB7776900222E34 /* FriendTableViewCell.swift */; };
		17654C6F1E61C54B0092A3D7 /* AppDelegate.swift in Sources */ = {isa = PBXBuildFile; fileRef = 17654C6E1E61C54B0092A3D7 /* AppDelegate.swift */; };
		17654C791E61C54B0092A3D7 /* LaunchScreen.storyboard in Resources */ = {isa = PBXBuildFile; fileRef = 17654C771E61C54B0092A3D7 /* LaunchScreen.storyboard */; };
		17654C841E61C54B0092A3D7 /* AvionicusTests.swift in Sources */ = {isa = PBXBuildFile; fileRef = 17654C831E61C54B0092A3D7 /* AvionicusTests.swift */; };
		17654C8F1E61C54B0092A3D7 /* AvionicusUITests.swift in Sources */ = {isa = PBXBuildFile; fileRef = 17654C8E1E61C54B0092A3D7 /* AvionicusUITests.swift */; };
		17654C9D1E61C9470092A3D7 /* Assets.xcassets in Resources */ = {isa = PBXBuildFile; fileRef = 17654C9C1E61C9470092A3D7 /* Assets.xcassets */; };
		17654CA21E61C9C70092A3D7 /* Constans.swift in Sources */ = {isa = PBXBuildFile; fileRef = 17654CA11E61C9C70092A3D7 /* Constans.swift */; };
		17654CA61E61CBA90092A3D7 /* UserData.swift in Sources */ = {isa = PBXBuildFile; fileRef = 17654CA31E61CBA90092A3D7 /* UserData.swift */; };
		17654CA71E61CBA90092A3D7 /* UserProfile.swift in Sources */ = {isa = PBXBuildFile; fileRef = 17654CA41E61CBA90092A3D7 /* UserProfile.swift */; };
		17654CA81E61CBA90092A3D7 /* UserRegistration.swift in Sources */ = {isa = PBXBuildFile; fileRef = 17654CA51E61CBA90092A3D7 /* UserRegistration.swift */; };
		17654CAC1E61D2E20092A3D7 /* RoundButton.swift in Sources */ = {isa = PBXBuildFile; fileRef = 17654CAA1E61D2E20092A3D7 /* RoundButton.swift */; };
		17654CAD1E61D2E20092A3D7 /* RoundTextField.swift in Sources */ = {isa = PBXBuildFile; fileRef = 17654CAB1E61D2E20092A3D7 /* RoundTextField.swift */; };
		17654CB01E61D2F50092A3D7 /* LoginViewController.swift in Sources */ = {isa = PBXBuildFile; fileRef = 17654CAE1E61D2F50092A3D7 /* LoginViewController.swift */; };
		17654CB11E61D2F50092A3D7 /* RegistrationViewController.swift in Sources */ = {isa = PBXBuildFile; fileRef = 17654CAF1E61D2F50092A3D7 /* RegistrationViewController.swift */; };
		17654CB31E61D3110092A3D7 /* KeyboardHideManager.swift in Sources */ = {isa = PBXBuildFile; fileRef = 17654CB21E61D3110092A3D7 /* KeyboardHideManager.swift */; };
		17654CB61E61D9510092A3D7 /* MainViewControllerController.swift in Sources */ = {isa = PBXBuildFile; fileRef = 17654CB51E61D9510092A3D7 /* MainViewControllerController.swift */; };
		17654CB81E61D95E0092A3D7 /* MapViewController.swift in Sources */ = {isa = PBXBuildFile; fileRef = 17654CB71E61D95E0092A3D7 /* MapViewController.swift */; };
		17654CBC1E61D9960092A3D7 /* TabBarController.swift in Sources */ = {isa = PBXBuildFile; fileRef = 17654CBB1E61D9960092A3D7 /* TabBarController.swift */; };
		17654CC11E61DCBF0092A3D7 /* Main.storyboard in Resources */ = {isa = PBXBuildFile; fileRef = 17654CBF1E61DCBF0092A3D7 /* Main.storyboard */; };
		17654CC31E61DF4A0092A3D7 /* TracksTableViewController.swift in Sources */ = {isa = PBXBuildFile; fileRef = 17654CC21E61DF4A0092A3D7 /* TracksTableViewController.swift */; };
		17654CC51E61F33D0092A3D7 /* MenuTableViewCell.swift in Sources */ = {isa = PBXBuildFile; fileRef = 17654CC41E61F33D0092A3D7 /* MenuTableViewCell.swift */; };
		17654CC71E61F3F70092A3D7 /* ProfileTableViewController.swift in Sources */ = {isa = PBXBuildFile; fileRef = 17654CC61E61F3F70092A3D7 /* ProfileTableViewController.swift */; };
		176759981E71703B00DD5CD1 /* SideMenuTableViewController.swift in Sources */ = {isa = PBXBuildFile; fileRef = 176759971E71703B00DD5CD1 /* SideMenuTableViewController.swift */; };
		1767599A1E71770500DD5CD1 /* SideMenuTableViewCell.swift in Sources */ = {isa = PBXBuildFile; fileRef = 176759991E71770500DD5CD1 /* SideMenuTableViewCell.swift */; };
		176BEE071EBE0CC600853ECA /* FilesTableViewController.swift in Sources */ = {isa = PBXBuildFile; fileRef = 176BEE061EBE0CC600853ECA /* FilesTableViewController.swift */; };
		176BEE0A1EBE0F7500853ECA /* FileDetailViewController.swift in Sources */ = {isa = PBXBuildFile; fileRef = 176BEE091EBE0F7500853ECA /* FileDetailViewController.swift */; };
		178B678F1EACEEAD0000AD6E /* Map.storyboard in Resources */ = {isa = PBXBuildFile; fileRef = 178B678E1EACEEAD0000AD6E /* Map.storyboard */; };
		179EBB281EB4D7E700BEBE10 /* RecordSession.swift in Sources */ = {isa = PBXBuildFile; fileRef = 179EBB271EB4D7E700BEBE10 /* RecordSession.swift */; };
		179EBB2A1EB4DB8B00BEBE10 /* RecordSessionMetadata.swift in Sources */ = {isa = PBXBuildFile; fileRef = 179EBB291EB4DB8B00BEBE10 /* RecordSessionMetadata.swift */; };
		179EBB2E1EB4FBBF00BEBE10 /* UserFriend.swift in Sources */ = {isa = PBXBuildFile; fileRef = 179EBB2D1EB4FBBF00BEBE10 /* UserFriend.swift */; };
		17B5D8671EA2881D00D63FCD /* AvionicusError.swift in Sources */ = {isa = PBXBuildFile; fileRef = 17B5D8661EA2881D00D63FCD /* AvionicusError.swift */; };
		17C78C011EABA2420063C7F3 /* AvionicusAlerts.swift in Sources */ = {isa = PBXBuildFile; fileRef = 17C78C001EABA2420063C7F3 /* AvionicusAlerts.swift */; };
		17DEAFD21EABB85100DBD191 /* ProfileItem.swift in Sources */ = {isa = PBXBuildFile; fileRef = 17DEAFD11EABB85100DBD191 /* ProfileItem.swift */; };
		51F8CBA03BAF1E65FC9FB5AD /* Pods_Avionicus.framework in Frameworks */ = {isa = PBXBuildFile; fileRef = DA1993DC8BD81311C2F7F58B /* Pods_Avionicus.framework */; };
		551788B11EAA601E00D05420 /* TracksDetailViewController.swift in Sources */ = {isa = PBXBuildFile; fileRef = 551788B01EAA601D00D05420 /* TracksDetailViewController.swift */; };
		551788B31EAA75DA00D05420 /* TrackDetails.swift in Sources */ = {isa = PBXBuildFile; fileRef = 551788B21EAA75D900D05420 /* TrackDetails.swift */; };
		55DF32F61E8839BE007FA5F2 /* Tracks.storyboard in Resources */ = {isa = PBXBuildFile; fileRef = 55DF32F51E8839BD007FA5F2 /* Tracks.storyboard */; };
		55DF32F71E8839BE007FA5F2 /* Tracks.storyboard in Resources */ = {isa = PBXBuildFile; fileRef = 55DF32F51E8839BD007FA5F2 /* Tracks.storyboard */; };
		55DF32F81E8839BE007FA5F2 /* Tracks.storyboard in Resources */ = {isa = PBXBuildFile; fileRef = 55DF32F51E8839BD007FA5F2 /* Tracks.storyboard */; };
		55DF32FA1E88473A007FA5F2 /* TracksTableViewCell.swift in Sources */ = {isa = PBXBuildFile; fileRef = 55DF32F91E88473A007FA5F2 /* TracksTableViewCell.swift */; };
		55DF32FB1E88473A007FA5F2 /* TracksTableViewCell.swift in Sources */ = {isa = PBXBuildFile; fileRef = 55DF32F91E88473A007FA5F2 /* TracksTableViewCell.swift */; };
		55DF32FC1E88473A007FA5F2 /* TracksTableViewCell.swift in Sources */ = {isa = PBXBuildFile; fileRef = 55DF32F91E88473A007FA5F2 /* TracksTableViewCell.swift */; };
		55DF32FF1E885674007FA5F2 /* TrackerItem.swift in Sources */ = {isa = PBXBuildFile; fileRef = 55DF32FE1E885674007FA5F2 /* TrackerItem.swift */; };
		55DF33001E885674007FA5F2 /* TrackerItem.swift in Sources */ = {isa = PBXBuildFile; fileRef = 55DF32FE1E885674007FA5F2 /* TrackerItem.swift */; };
		55DF33011E885674007FA5F2 /* TrackerItem.swift in Sources */ = {isa = PBXBuildFile; fileRef = 55DF32FE1E885674007FA5F2 /* TrackerItem.swift */; };
		55E59DAF1E894E4C0014BD48 /* TracksTableHeaderView.swift in Sources */ = {isa = PBXBuildFile; fileRef = 55E59DAE1E894E4B0014BD48 /* TracksTableHeaderView.swift */; };
		55E59DB01E894E4C0014BD48 /* TracksTableHeaderView.swift in Sources */ = {isa = PBXBuildFile; fileRef = 55E59DAE1E894E4B0014BD48 /* TracksTableHeaderView.swift */; };
		55E59DB11E894E4C0014BD48 /* TracksTableHeaderView.swift in Sources */ = {isa = PBXBuildFile; fileRef = 55E59DAE1E894E4B0014BD48 /* TracksTableHeaderView.swift */; };
		55E59DB41E894EE70014BD48 /* TracksTableHeader.xib in Resources */ = {isa = PBXBuildFile; fileRef = 55E59DB31E894EE70014BD48 /* TracksTableHeader.xib */; };
		55E59DB51E894EE70014BD48 /* TracksTableHeader.xib in Resources */ = {isa = PBXBuildFile; fileRef = 55E59DB31E894EE70014BD48 /* TracksTableHeader.xib */; };
		55E59DB61E894EE70014BD48 /* TracksTableHeader.xib in Resources */ = {isa = PBXBuildFile; fileRef = 55E59DB31E894EE70014BD48 /* TracksTableHeader.xib */; };
		55E59DB81E896D9C0014BD48 /* Colors.swift in Sources */ = {isa = PBXBuildFile; fileRef = 55E59DB71E896D9B0014BD48 /* Colors.swift */; };
		55E59DB91E896D9C0014BD48 /* Colors.swift in Sources */ = {isa = PBXBuildFile; fileRef = 55E59DB71E896D9B0014BD48 /* Colors.swift */; };
		55E59DBA1E896D9C0014BD48 /* Colors.swift in Sources */ = {isa = PBXBuildFile; fileRef = 55E59DB71E896D9B0014BD48 /* Colors.swift */; };
		55E59DBC1E8981150014BD48 /* TrackListItem.swift in Sources */ = {isa = PBXBuildFile; fileRef = 55E59DBB1E8981150014BD48 /* TrackListItem.swift */; };
		55E59DBD1E8981150014BD48 /* TrackListItem.swift in Sources */ = {isa = PBXBuildFile; fileRef = 55E59DBB1E8981150014BD48 /* TrackListItem.swift */; };
		55E59DBE1E8981160014BD48 /* TrackListItem.swift in Sources */ = {isa = PBXBuildFile; fileRef = 55E59DBB1E8981150014BD48 /* TrackListItem.swift */; };
/* End PBXBuildFile section */

/* Begin PBXContainerItemProxy section */
		17654C801E61C54B0092A3D7 /* PBXContainerItemProxy */ = {
			isa = PBXContainerItemProxy;
			containerPortal = 17654C631E61C54B0092A3D7 /* Project object */;
			proxyType = 1;
			remoteGlobalIDString = 17654C6A1E61C54B0092A3D7;
			remoteInfo = Avionicus;
		};
		17654C8B1E61C54B0092A3D7 /* PBXContainerItemProxy */ = {
			isa = PBXContainerItemProxy;
			containerPortal = 17654C631E61C54B0092A3D7 /* Project object */;
			proxyType = 1;
			remoteGlobalIDString = 17654C6A1E61C54B0092A3D7;
			remoteInfo = Avionicus;
		};
/* End PBXContainerItemProxy section */

/* Begin PBXFileReference section */
		1706DA471E6C20A800358586 /* APImanager.swift */ = {isa = PBXFileReference; fileEncoding = 4; lastKnownFileType = sourcecode.swift; path = APImanager.swift; sourceTree = "<group>"; };
		1706DA491E6CB95300358586 /* TrackList.swift */ = {isa = PBXFileReference; fileEncoding = 4; lastKnownFileType = sourcecode.swift; path = TrackList.swift; sourceTree = "<group>"; };
		171869221E8EA02700036631 /* LaunchViewController.swift */ = {isa = PBXFileReference; fileEncoding = 4; lastKnownFileType = sourcecode.swift; path = LaunchViewController.swift; sourceTree = "<group>"; };
		1747573B1E9E774000DD512A /* Profile.storyboard */ = {isa = PBXFileReference; fileEncoding = 4; lastKnownFileType = file.storyboard; path = Profile.storyboard; sourceTree = "<group>"; };
		174C40411EB6713000B42CE5 /* UserFriendList.swift */ = {isa = PBXFileReference; fileEncoding = 4; lastKnownFileType = sourcecode.swift; path = UserFriendList.swift; sourceTree = "<group>"; };
		174C40461EB682F800B42CE5 /* Friend.storyboard */ = {isa = PBXFileReference; fileEncoding = 4; lastKnownFileType = file.storyboard; path = Friend.storyboard; sourceTree = "<group>"; };
		174C404D1EB684C400B42CE5 /* FriendTableViewController.swift */ = {isa = PBXFileReference; fileEncoding = 4; lastKnownFileType = sourcecode.swift; path = FriendTableViewController.swift; sourceTree = "<group>"; };
		17526ECE1EB7776900222E34 /* FriendTableViewCell.swift */ = {isa = PBXFileReference; fileEncoding = 4; lastKnownFileType = sourcecode.swift; path = FriendTableViewCell.swift; sourceTree = "<group>"; };
		17654C6B1E61C54B0092A3D7 /* Avionicus.app */ = {isa = PBXFileReference; explicitFileType = wrapper.application; includeInIndex = 0; path = Avionicus.app; sourceTree = BUILT_PRODUCTS_DIR; };
		17654C6E1E61C54B0092A3D7 /* AppDelegate.swift */ = {isa = PBXFileReference; lastKnownFileType = sourcecode.swift; path = AppDelegate.swift; sourceTree = "<group>"; };
		17654C781E61C54B0092A3D7 /* Base */ = {isa = PBXFileReference; lastKnownFileType = file.storyboard; name = Base; path = Base.lproj/LaunchScreen.storyboard; sourceTree = "<group>"; };
		17654C7A1E61C54B0092A3D7 /* Info.plist */ = {isa = PBXFileReference; lastKnownFileType = text.plist.xml; path = Info.plist; sourceTree = "<group>"; };
		17654C7F1E61C54B0092A3D7 /* AvionicusTests.xctest */ = {isa = PBXFileReference; explicitFileType = wrapper.cfbundle; includeInIndex = 0; path = AvionicusTests.xctest; sourceTree = BUILT_PRODUCTS_DIR; };
		17654C831E61C54B0092A3D7 /* AvionicusTests.swift */ = {isa = PBXFileReference; lastKnownFileType = sourcecode.swift; path = AvionicusTests.swift; sourceTree = "<group>"; };
		17654C851E61C54B0092A3D7 /* Info.plist */ = {isa = PBXFileReference; lastKnownFileType = text.plist.xml; path = Info.plist; sourceTree = "<group>"; };
		17654C8A1E61C54B0092A3D7 /* AvionicusUITests.xctest */ = {isa = PBXFileReference; explicitFileType = wrapper.cfbundle; includeInIndex = 0; path = AvionicusUITests.xctest; sourceTree = BUILT_PRODUCTS_DIR; };
		17654C8E1E61C54B0092A3D7 /* AvionicusUITests.swift */ = {isa = PBXFileReference; lastKnownFileType = sourcecode.swift; path = AvionicusUITests.swift; sourceTree = "<group>"; };
		17654C901E61C54B0092A3D7 /* Info.plist */ = {isa = PBXFileReference; lastKnownFileType = text.plist.xml; path = Info.plist; sourceTree = "<group>"; };
		17654C9C1E61C9470092A3D7 /* Assets.xcassets */ = {isa = PBXFileReference; lastKnownFileType = folder.assetcatalog; path = Assets.xcassets; sourceTree = "<group>"; };
		17654CA11E61C9C70092A3D7 /* Constans.swift */ = {isa = PBXFileReference; fileEncoding = 4; lastKnownFileType = sourcecode.swift; path = Constans.swift; sourceTree = "<group>"; };
		17654CA31E61CBA90092A3D7 /* UserData.swift */ = {isa = PBXFileReference; fileEncoding = 4; lastKnownFileType = sourcecode.swift; path = UserData.swift; sourceTree = "<group>"; };
		17654CA41E61CBA90092A3D7 /* UserProfile.swift */ = {isa = PBXFileReference; fileEncoding = 4; lastKnownFileType = sourcecode.swift; path = UserProfile.swift; sourceTree = "<group>"; };
		17654CA51E61CBA90092A3D7 /* UserRegistration.swift */ = {isa = PBXFileReference; fileEncoding = 4; lastKnownFileType = sourcecode.swift; path = UserRegistration.swift; sourceTree = "<group>"; };
		17654CAA1E61D2E20092A3D7 /* RoundButton.swift */ = {isa = PBXFileReference; fileEncoding = 4; lastKnownFileType = sourcecode.swift; path = RoundButton.swift; sourceTree = "<group>"; };
		17654CAB1E61D2E20092A3D7 /* RoundTextField.swift */ = {isa = PBXFileReference; fileEncoding = 4; lastKnownFileType = sourcecode.swift; path = RoundTextField.swift; sourceTree = "<group>"; };
		17654CAE1E61D2F50092A3D7 /* LoginViewController.swift */ = {isa = PBXFileReference; fileEncoding = 4; lastKnownFileType = sourcecode.swift; path = LoginViewController.swift; sourceTree = "<group>"; };
		17654CAF1E61D2F50092A3D7 /* RegistrationViewController.swift */ = {isa = PBXFileReference; fileEncoding = 4; lastKnownFileType = sourcecode.swift; path = RegistrationViewController.swift; sourceTree = "<group>"; };
		17654CB21E61D3110092A3D7 /* KeyboardHideManager.swift */ = {isa = PBXFileReference; fileEncoding = 4; lastKnownFileType = sourcecode.swift; path = KeyboardHideManager.swift; sourceTree = "<group>"; };
		17654CB51E61D9510092A3D7 /* MainViewControllerController.swift */ = {isa = PBXFileReference; fileEncoding = 4; lastKnownFileType = sourcecode.swift; path = MainViewControllerController.swift; sourceTree = "<group>"; };
		17654CB71E61D95E0092A3D7 /* MapViewController.swift */ = {isa = PBXFileReference; fileEncoding = 4; lastKnownFileType = sourcecode.swift; path = MapViewController.swift; sourceTree = "<group>"; };
		17654CBB1E61D9960092A3D7 /* TabBarController.swift */ = {isa = PBXFileReference; fileEncoding = 4; lastKnownFileType = sourcecode.swift; path = TabBarController.swift; sourceTree = "<group>"; };
		17654CC01E61DCBF0092A3D7 /* Base */ = {isa = PBXFileReference; lastKnownFileType = file.storyboard; name = Base; path = Base.lproj/Main.storyboard; sourceTree = "<group>"; };
		17654CC21E61DF4A0092A3D7 /* TracksTableViewController.swift */ = {isa = PBXFileReference; fileEncoding = 4; lastKnownFileType = sourcecode.swift; path = TracksTableViewController.swift; sourceTree = "<group>"; };
		17654CC41E61F33D0092A3D7 /* MenuTableViewCell.swift */ = {isa = PBXFileReference; fileEncoding = 4; lastKnownFileType = sourcecode.swift; path = MenuTableViewCell.swift; sourceTree = "<group>"; };
		17654CC61E61F3F70092A3D7 /* ProfileTableViewController.swift */ = {isa = PBXFileReference; fileEncoding = 4; lastKnownFileType = sourcecode.swift; path = ProfileTableViewController.swift; sourceTree = "<group>"; };
		176759971E71703B00DD5CD1 /* SideMenuTableViewController.swift */ = {isa = PBXFileReference; fileEncoding = 4; lastKnownFileType = sourcecode.swift; path = SideMenuTableViewController.swift; sourceTree = "<group>"; };
		176759991E71770500DD5CD1 /* SideMenuTableViewCell.swift */ = {isa = PBXFileReference; fileEncoding = 4; lastKnownFileType = sourcecode.swift; path = SideMenuTableViewCell.swift; sourceTree = "<group>"; };
		176BEE061EBE0CC600853ECA /* FilesTableViewController.swift */ = {isa = PBXFileReference; fileEncoding = 4; lastKnownFileType = sourcecode.swift; path = FilesTableViewController.swift; sourceTree = "<group>"; };
		176BEE091EBE0F7500853ECA /* FileDetailViewController.swift */ = {isa = PBXFileReference; fileEncoding = 4; lastKnownFileType = sourcecode.swift; path = FileDetailViewController.swift; sourceTree = "<group>"; };
		178B678E1EACEEAD0000AD6E /* Map.storyboard */ = {isa = PBXFileReference; fileEncoding = 4; lastKnownFileType = file.storyboard; path = Map.storyboard; sourceTree = "<group>"; };
		179EBB271EB4D7E700BEBE10 /* RecordSession.swift */ = {isa = PBXFileReference; fileEncoding = 4; lastKnownFileType = sourcecode.swift; path = RecordSession.swift; sourceTree = "<group>"; };
		179EBB291EB4DB8B00BEBE10 /* RecordSessionMetadata.swift */ = {isa = PBXFileReference; fileEncoding = 4; lastKnownFileType = sourcecode.swift; path = RecordSessionMetadata.swift; sourceTree = "<group>"; };
		179EBB2D1EB4FBBF00BEBE10 /* UserFriend.swift */ = {isa = PBXFileReference; fileEncoding = 4; lastKnownFileType = sourcecode.swift; path = UserFriend.swift; sourceTree = "<group>"; };
		17B5D8661EA2881D00D63FCD /* AvionicusError.swift */ = {isa = PBXFileReference; fileEncoding = 4; lastKnownFileType = sourcecode.swift; path = AvionicusError.swift; sourceTree = "<group>"; };
		17C78C001EABA2420063C7F3 /* AvionicusAlerts.swift */ = {isa = PBXFileReference; fileEncoding = 4; lastKnownFileType = sourcecode.swift; path = AvionicusAlerts.swift; sourceTree = "<group>"; };
		17DEAFD11EABB85100DBD191 /* ProfileItem.swift */ = {isa = PBXFileReference; fileEncoding = 4; lastKnownFileType = sourcecode.swift; path = ProfileItem.swift; sourceTree = "<group>"; };
		4BB8B8AD0799F7A2924D8FCC /* Pods-Avionicus.release.xcconfig */ = {isa = PBXFileReference; includeInIndex = 1; lastKnownFileType = text.xcconfig; name = "Pods-Avionicus.release.xcconfig"; path = "Pods/Target Support Files/Pods-Avionicus/Pods-Avionicus.release.xcconfig"; sourceTree = "<group>"; };
		551788B01EAA601D00D05420 /* TracksDetailViewController.swift */ = {isa = PBXFileReference; fileEncoding = 4; lastKnownFileType = sourcecode.swift; path = TracksDetailViewController.swift; sourceTree = "<group>"; };
		551788B21EAA75D900D05420 /* TrackDetails.swift */ = {isa = PBXFileReference; fileEncoding = 4; lastKnownFileType = sourcecode.swift; path = TrackDetails.swift; sourceTree = "<group>"; };
		55DF32F51E8839BD007FA5F2 /* Tracks.storyboard */ = {isa = PBXFileReference; fileEncoding = 4; lastKnownFileType = file.storyboard; path = Tracks.storyboard; sourceTree = "<group>"; };
		55DF32F91E88473A007FA5F2 /* TracksTableViewCell.swift */ = {isa = PBXFileReference; fileEncoding = 4; lastKnownFileType = sourcecode.swift; path = TracksTableViewCell.swift; sourceTree = "<group>"; };
		55DF32FE1E885674007FA5F2 /* TrackerItem.swift */ = {isa = PBXFileReference; fileEncoding = 4; lastKnownFileType = sourcecode.swift; path = TrackerItem.swift; sourceTree = "<group>"; };
		55E59DAE1E894E4B0014BD48 /* TracksTableHeaderView.swift */ = {isa = PBXFileReference; fileEncoding = 4; lastKnownFileType = sourcecode.swift; path = TracksTableHeaderView.swift; sourceTree = "<group>"; };
		55E59DB31E894EE70014BD48 /* TracksTableHeader.xib */ = {isa = PBXFileReference; fileEncoding = 4; lastKnownFileType = file.xib; path = TracksTableHeader.xib; sourceTree = "<group>"; };
		55E59DB71E896D9B0014BD48 /* Colors.swift */ = {isa = PBXFileReference; fileEncoding = 4; lastKnownFileType = sourcecode.swift; path = Colors.swift; sourceTree = "<group>"; };
		55E59DBB1E8981150014BD48 /* TrackListItem.swift */ = {isa = PBXFileReference; fileEncoding = 4; lastKnownFileType = sourcecode.swift; path = TrackListItem.swift; sourceTree = "<group>"; };
		715FF74BABC18F386CF8D320 /* Pods-Avionicus.debug.xcconfig */ = {isa = PBXFileReference; includeInIndex = 1; lastKnownFileType = text.xcconfig; name = "Pods-Avionicus.debug.xcconfig"; path = "Pods/Target Support Files/Pods-Avionicus/Pods-Avionicus.debug.xcconfig"; sourceTree = "<group>"; };
		DA1993DC8BD81311C2F7F58B /* Pods_Avionicus.framework */ = {isa = PBXFileReference; explicitFileType = wrapper.framework; includeInIndex = 0; path = Pods_Avionicus.framework; sourceTree = BUILT_PRODUCTS_DIR; };
/* End PBXFileReference section */

/* Begin PBXFrameworksBuildPhase section */
		17654C681E61C54B0092A3D7 /* Frameworks */ = {
			isa = PBXFrameworksBuildPhase;
			buildActionMask = 2147483647;
			files = (
				51F8CBA03BAF1E65FC9FB5AD /* Pods_Avionicus.framework in Frameworks */,
			);
			runOnlyForDeploymentPostprocessing = 0;
		};
		17654C7C1E61C54B0092A3D7 /* Frameworks */ = {
			isa = PBXFrameworksBuildPhase;
			buildActionMask = 2147483647;
			files = (
			);
			runOnlyForDeploymentPostprocessing = 0;
		};
		17654C871E61C54B0092A3D7 /* Frameworks */ = {
			isa = PBXFrameworksBuildPhase;
			buildActionMask = 2147483647;
			files = (
			);
			runOnlyForDeploymentPostprocessing = 0;
		};
/* End PBXFrameworksBuildPhase section */

/* Begin PBXGroup section */
		1747573A1E9E704F00DD512A /* Park Manager */ = {
			isa = PBXGroup;
			children = (
				1706DA471E6C20A800358586 /* APImanager.swift */,
				17C78C001EABA2420063C7F3 /* AvionicusAlerts.swift */,
				17B5D8661EA2881D00D63FCD /* AvionicusError.swift */,
				55E59DB71E896D9B0014BD48 /* Colors.swift */,
				17654CB41E61D31C0092A3D7 /* StoryboardManager */,
			);
			name = "Park Manager";
			sourceTree = "<group>";
		};
		174C40431EB6713C00B42CE5 /* Auth */ = {
			isa = PBXGroup;
			children = (
				17654CA31E61CBA90092A3D7 /* UserData.swift */,
				17654CA41E61CBA90092A3D7 /* UserProfile.swift */,
				17654CA51E61CBA90092A3D7 /* UserRegistration.swift */,
			);
			name = Auth;
			sourceTree = "<group>";
		};
		174C40441EB6714D00B42CE5 /* Track */ = {
			isa = PBXGroup;
			children = (
				1706DA491E6CB95300358586 /* TrackList.swift */,
				55E59DBB1E8981150014BD48 /* TrackListItem.swift */,
				551788B21EAA75D900D05420 /* TrackDetails.swift */,
			);
			name = Track;
			sourceTree = "<group>";
		};
		174C40451EB6716100B42CE5 /* Social */ = {
			isa = PBXGroup;
			children = (
				174C40411EB6713000B42CE5 /* UserFriendList.swift */,
				179EBB2D1EB4FBBF00BEBE10 /* UserFriend.swift */,
			);
			name = Social;
			sourceTree = "<group>";
		};
		174C40481EB6833E00B42CE5 /* Friend */ = {
			isa = PBXGroup;
			children = (
				174C404D1EB684C400B42CE5 /* FriendTableViewController.swift */,
				17526ECE1EB7776900222E34 /* FriendTableViewCell.swift */,
				174C40461EB682F800B42CE5 /* Friend.storyboard */,
			);
			name = Friend;
			sourceTree = "<group>";
		};
		17654C621E61C54B0092A3D7 = {
			isa = PBXGroup;
			children = (
				17654C6D1E61C54B0092A3D7 /* Avionicus */,
				17654C821E61C54B0092A3D7 /* AvionicusTests */,
				17654C8D1E61C54B0092A3D7 /* AvionicusUITests */,
				17654C6C1E61C54B0092A3D7 /* Products */,
				803CE5C72D83E21944D87AEE /* Pods */,
				FFBC9FEE926F7F9D39CEDE33 /* Frameworks */,
			);
			sourceTree = "<group>";
		};
		17654C6C1E61C54B0092A3D7 /* Products */ = {
			isa = PBXGroup;
			children = (
				17654C6B1E61C54B0092A3D7 /* Avionicus.app */,
				17654C7F1E61C54B0092A3D7 /* AvionicusTests.xctest */,
				17654C8A1E61C54B0092A3D7 /* AvionicusUITests.xctest */,
			);
			name = Products;
			sourceTree = "<group>";
		};
		17654C6D1E61C54B0092A3D7 /* Avionicus */ = {
			isa = PBXGroup;
			children = (
				17654C6E1E61C54B0092A3D7 /* AppDelegate.swift */,
				17654CA11E61C9C70092A3D7 /* Constans.swift */,
				1747573A1E9E704F00DD512A /* Park Manager */,
				17654C9E1E61C9910092A3D7 /* Models */,
				55DF32FD1E885641007FA5F2 /* View Models */,
				17654C9F1E61C99B0092A3D7 /* Views */,
				17654CA01E61C9A10092A3D7 /* Controllers */,
				17654CBF1E61DCBF0092A3D7 /* Main.storyboard */,
				17654C771E61C54B0092A3D7 /* LaunchScreen.storyboard */,
				17654C9C1E61C9470092A3D7 /* Assets.xcassets */,
				17654C7A1E61C54B0092A3D7 /* Info.plist */,
			);
			path = Avionicus;
			sourceTree = "<group>";
		};
		17654C821E61C54B0092A3D7 /* AvionicusTests */ = {
			isa = PBXGroup;
			children = (
				17654C831E61C54B0092A3D7 /* AvionicusTests.swift */,
				17654C851E61C54B0092A3D7 /* Info.plist */,
			);
			path = AvionicusTests;
			sourceTree = "<group>";
		};
		17654C8D1E61C54B0092A3D7 /* AvionicusUITests */ = {
			isa = PBXGroup;
			children = (
				17654C8E1E61C54B0092A3D7 /* AvionicusUITests.swift */,
				17654C901E61C54B0092A3D7 /* Info.plist */,
			);
			path = AvionicusUITests;
			sourceTree = "<group>";
		};
		17654C9E1E61C9910092A3D7 /* Models */ = {
			isa = PBXGroup;
			children = (
				174C40431EB6713C00B42CE5 /* Auth */,
				174C40451EB6716100B42CE5 /* Social */,
				174C40441EB6714D00B42CE5 /* Track */,
			);
			name = Models;
			sourceTree = "<group>";
		};
		17654C9F1E61C99B0092A3D7 /* Views */ = {
			isa = PBXGroup;
			children = (
				17654CC41E61F33D0092A3D7 /* MenuTableViewCell.swift */,
				176759991E71770500DD5CD1 /* SideMenuTableViewCell.swift */,
				55DF32F91E88473A007FA5F2 /* TracksTableViewCell.swift */,
				55E59DB21E894E980014BD48 /* TracksTableHeaderView */,
			);
			name = Views;
			sourceTree = "<group>";
		};
		17654CA01E61C9A10092A3D7 /* Controllers */ = {
			isa = PBXGroup;
			children = (
				177F52871E66F19600B934E7 /* Auth */,
				176BEE051EBB26F800853ECA /* Track */,
				174C40481EB6833E00B42CE5 /* Friend */,
				178B678D1EACEE660000AD6E /* Map */,
				176BEE081EBE0F5500853ECA /* Files */,
				17DEAFD01EABB7CA00DBD191 /* Profile */,
				17654CBB1E61D9960092A3D7 /* TabBarController.swift */,
				176759971E71703B00DD5CD1 /* SideMenuTableViewController.swift */,
				17654CB51E61D9510092A3D7 /* MainViewControllerController.swift */,
			);
			name = Controllers;
			sourceTree = "<group>";
		};
		17654CB41E61D31C0092A3D7 /* StoryboardManager */ = {
			isa = PBXGroup;
			children = (
				176BEE041EBA8BE200853ECA /* IBdesignable */,
				17654CB21E61D3110092A3D7 /* KeyboardHideManager.swift */,
			);
			name = StoryboardManager;
			sourceTree = "<group>";
		};
		176BEE041EBA8BE200853ECA /* IBdesignable */ = {
			isa = PBXGroup;
			children = (
				17654CAB1E61D2E20092A3D7 /* RoundTextField.swift */,
				17654CAA1E61D2E20092A3D7 /* RoundButton.swift */,
			);
			name = IBdesignable;
			sourceTree = "<group>";
		};
		176BEE051EBB26F800853ECA /* Track */ = {
			isa = PBXGroup;
			children = (
				17654CC21E61DF4A0092A3D7 /* TracksTableViewController.swift */,
				551788B01EAA601D00D05420 /* TracksDetailViewController.swift */,
				55DF32F51E8839BD007FA5F2 /* Tracks.storyboard */,
			);
			name = Track;
			sourceTree = "<group>";
		};
		176BEE081EBE0F5500853ECA /* Files */ = {
			isa = PBXGroup;
			children = (
				176BEE061EBE0CC600853ECA /* FilesTableViewController.swift */,
				176BEE091EBE0F7500853ECA /* FileDetailViewController.swift */,
			);
			name = Files;
			sourceTree = "<group>";
		};
		177F52871E66F19600B934E7 /* Auth */ = {
			isa = PBXGroup;
			children = (
				17654CAE1E61D2F50092A3D7 /* LoginViewController.swift */,
				17654CAF1E61D2F50092A3D7 /* RegistrationViewController.swift */,
				171869221E8EA02700036631 /* LaunchViewController.swift */,
			);
			name = Auth;
			sourceTree = "<group>";
		};
		178B678D1EACEE660000AD6E /* Map */ = {
			isa = PBXGroup;
			children = (
				17654CB71E61D95E0092A3D7 /* MapViewController.swift */,
				179EBB271EB4D7E700BEBE10 /* RecordSession.swift */,
				179EBB291EB4DB8B00BEBE10 /* RecordSessionMetadata.swift */,
				178B678E1EACEEAD0000AD6E /* Map.storyboard */,
			);
			name = Map;
			sourceTree = "<group>";
		};
		17DEAFD01EABB7CA00DBD191 /* Profile */ = {
			isa = PBXGroup;
			children = (
				17654CC61E61F3F70092A3D7 /* ProfileTableViewController.swift */,
				17DEAFD11EABB85100DBD191 /* ProfileItem.swift */,
				1747573B1E9E774000DD512A /* Profile.storyboard */,
			);
			name = Profile;
			sourceTree = "<group>";
		};
		55DF32FD1E885641007FA5F2 /* View Models */ = {
			isa = PBXGroup;
			children = (
				55DF32FE1E885674007FA5F2 /* TrackerItem.swift */,
			);
			name = "View Models";
			sourceTree = "<group>";
		};
		55E59DB21E894E980014BD48 /* TracksTableHeaderView */ = {
			isa = PBXGroup;
			children = (
				55E59DAE1E894E4B0014BD48 /* TracksTableHeaderView.swift */,
				55E59DB31E894EE70014BD48 /* TracksTableHeader.xib */,
			);
			name = TracksTableHeaderView;
			sourceTree = "<group>";
		};
		803CE5C72D83E21944D87AEE /* Pods */ = {
			isa = PBXGroup;
			children = (
				715FF74BABC18F386CF8D320 /* Pods-Avionicus.debug.xcconfig */,
				4BB8B8AD0799F7A2924D8FCC /* Pods-Avionicus.release.xcconfig */,
			);
			name = Pods;
			sourceTree = "<group>";
		};
		FFBC9FEE926F7F9D39CEDE33 /* Frameworks */ = {
			isa = PBXGroup;
			children = (
				DA1993DC8BD81311C2F7F58B /* Pods_Avionicus.framework */,
			);
			name = Frameworks;
			sourceTree = "<group>";
		};
/* End PBXGroup section */

/* Begin PBXNativeTarget section */
		17654C6A1E61C54B0092A3D7 /* Avionicus */ = {
			isa = PBXNativeTarget;
			buildConfigurationList = 17654C931E61C54B0092A3D7 /* Build configuration list for PBXNativeTarget "Avionicus" */;
			buildPhases = (
				90546D152341F510D73EA9F8 /* [CP] Check Pods Manifest.lock */,
				17654C671E61C54B0092A3D7 /* Sources */,
				17654C681E61C54B0092A3D7 /* Frameworks */,
				17654C691E61C54B0092A3D7 /* Resources */,
				7288FFCC31664A7100813B5C /* [CP] Embed Pods Frameworks */,
				5A9821C80FDD2F687E2FD65B /* [CP] Copy Pods Resources */,
			);
			buildRules = (
			);
			dependencies = (
			);
			name = Avionicus;
			productName = Avionicus;
			productReference = 17654C6B1E61C54B0092A3D7 /* Avionicus.app */;
			productType = "com.apple.product-type.application";
		};
		17654C7E1E61C54B0092A3D7 /* AvionicusTests */ = {
			isa = PBXNativeTarget;
			buildConfigurationList = 17654C961E61C54B0092A3D7 /* Build configuration list for PBXNativeTarget "AvionicusTests" */;
			buildPhases = (
				17654C7B1E61C54B0092A3D7 /* Sources */,
				17654C7C1E61C54B0092A3D7 /* Frameworks */,
				17654C7D1E61C54B0092A3D7 /* Resources */,
			);
			buildRules = (
			);
			dependencies = (
				17654C811E61C54B0092A3D7 /* PBXTargetDependency */,
			);
			name = AvionicusTests;
			productName = AvionicusTests;
			productReference = 17654C7F1E61C54B0092A3D7 /* AvionicusTests.xctest */;
			productType = "com.apple.product-type.bundle.unit-test";
		};
		17654C891E61C54B0092A3D7 /* AvionicusUITests */ = {
			isa = PBXNativeTarget;
			buildConfigurationList = 17654C991E61C54B0092A3D7 /* Build configuration list for PBXNativeTarget "AvionicusUITests" */;
			buildPhases = (
				17654C861E61C54B0092A3D7 /* Sources */,
				17654C871E61C54B0092A3D7 /* Frameworks */,
				17654C881E61C54B0092A3D7 /* Resources */,
			);
			buildRules = (
			);
			dependencies = (
				17654C8C1E61C54B0092A3D7 /* PBXTargetDependency */,
			);
			name = AvionicusUITests;
			productName = AvionicusUITests;
			productReference = 17654C8A1E61C54B0092A3D7 /* AvionicusUITests.xctest */;
			productType = "com.apple.product-type.bundle.ui-testing";
		};
/* End PBXNativeTarget section */

/* Begin PBXProject section */
		17654C631E61C54B0092A3D7 /* Project object */ = {
			isa = PBXProject;
			attributes = {
				LastSwiftUpdateCheck = 0820;
				LastUpgradeCheck = 0820;
				ORGANIZATIONNAME = "Park Team";
				TargetAttributes = {
					17654C6A1E61C54B0092A3D7 = {
						CreatedOnToolsVersion = 8.2;
						DevelopmentTeam = 9UWX4556KM;
						ProvisioningStyle = Automatic;
					};
					17654C7E1E61C54B0092A3D7 = {
						CreatedOnToolsVersion = 8.2;
						DevelopmentTeam = 9UWX4556KM;
						ProvisioningStyle = Automatic;
						TestTargetID = 17654C6A1E61C54B0092A3D7;
					};
					17654C891E61C54B0092A3D7 = {
						CreatedOnToolsVersion = 8.2;
						DevelopmentTeam = 9UWX4556KM;
						ProvisioningStyle = Automatic;
						TestTargetID = 17654C6A1E61C54B0092A3D7;
					};
				};
			};
			buildConfigurationList = 17654C661E61C54B0092A3D7 /* Build configuration list for PBXProject "Avionicus" */;
			compatibilityVersion = "Xcode 3.2";
			developmentRegion = English;
			hasScannedForEncodings = 0;
			knownRegions = (
				en,
				Base,
			);
			mainGroup = 17654C621E61C54B0092A3D7;
			productRefGroup = 17654C6C1E61C54B0092A3D7 /* Products */;
			projectDirPath = "";
			projectRoot = "";
			targets = (
				17654C6A1E61C54B0092A3D7 /* Avionicus */,
				17654C7E1E61C54B0092A3D7 /* AvionicusTests */,
				17654C891E61C54B0092A3D7 /* AvionicusUITests */,
			);
		};
/* End PBXProject section */

/* Begin PBXResourcesBuildPhase section */
		17654C691E61C54B0092A3D7 /* Resources */ = {
			isa = PBXResourcesBuildPhase;
			buildActionMask = 2147483647;
			files = (
				174C40471EB682F800B42CE5 /* Friend.storyboard in Resources */,
				1747573C1E9E774000DD512A /* Profile.storyboard in Resources */,
				178B678F1EACEEAD0000AD6E /* Map.storyboard in Resources */,
				55DF32F61E8839BE007FA5F2 /* Tracks.storyboard in Resources */,
				55E59DB41E894EE70014BD48 /* TracksTableHeader.xib in Resources */,
				17654C791E61C54B0092A3D7 /* LaunchScreen.storyboard in Resources */,
				17654C9D1E61C9470092A3D7 /* Assets.xcassets in Resources */,
				17654CC11E61DCBF0092A3D7 /* Main.storyboard in Resources */,
			);
			runOnlyForDeploymentPostprocessing = 0;
		};
		17654C7D1E61C54B0092A3D7 /* Resources */ = {
			isa = PBXResourcesBuildPhase;
			buildActionMask = 2147483647;
			files = (
				55DF32F71E8839BE007FA5F2 /* Tracks.storyboard in Resources */,
				55E59DB51E894EE70014BD48 /* TracksTableHeader.xib in Resources */,
			);
			runOnlyForDeploymentPostprocessing = 0;
		};
		17654C881E61C54B0092A3D7 /* Resources */ = {
			isa = PBXResourcesBuildPhase;
			buildActionMask = 2147483647;
			files = (
				55DF32F81E8839BE007FA5F2 /* Tracks.storyboard in Resources */,
				55E59DB61E894EE70014BD48 /* TracksTableHeader.xib in Resources */,
			);
			runOnlyForDeploymentPostprocessing = 0;
		};
/* End PBXResourcesBuildPhase section */

/* Begin PBXShellScriptBuildPhase section */
		5A9821C80FDD2F687E2FD65B /* [CP] Copy Pods Resources */ = {
			isa = PBXShellScriptBuildPhase;
			buildActionMask = 2147483647;
			files = (
			);
			inputPaths = (
			);
			name = "[CP] Copy Pods Resources";
			outputPaths = (
			);
			runOnlyForDeploymentPostprocessing = 0;
			shellPath = /bin/sh;
			shellScript = "\"${SRCROOT}/Pods/Target Support Files/Pods-Avionicus/Pods-Avionicus-resources.sh\"\n";
			showEnvVarsInLog = 0;
		};
		7288FFCC31664A7100813B5C /* [CP] Embed Pods Frameworks */ = {
			isa = PBXShellScriptBuildPhase;
			buildActionMask = 2147483647;
			files = (
			);
			inputPaths = (
			);
			name = "[CP] Embed Pods Frameworks";
			outputPaths = (
			);
			runOnlyForDeploymentPostprocessing = 0;
			shellPath = /bin/sh;
			shellScript = "\"${SRCROOT}/Pods/Target Support Files/Pods-Avionicus/Pods-Avionicus-frameworks.sh\"\n";
			showEnvVarsInLog = 0;
		};
		90546D152341F510D73EA9F8 /* [CP] Check Pods Manifest.lock */ = {
			isa = PBXShellScriptBuildPhase;
			buildActionMask = 2147483647;
			files = (
			);
			inputPaths = (
			);
			name = "[CP] Check Pods Manifest.lock";
			outputPaths = (
			);
			runOnlyForDeploymentPostprocessing = 0;
			shellPath = /bin/sh;
			shellScript = "diff \"${PODS_ROOT}/../Podfile.lock\" \"${PODS_ROOT}/Manifest.lock\" > /dev/null\nif [ $? != 0 ] ; then\n    # print error to STDERR\n    echo \"error: The sandbox is not in sync with the Podfile.lock. Run 'pod install' or update your CocoaPods installation.\" >&2\n    exit 1\nfi\n";
			showEnvVarsInLog = 0;
		};
/* End PBXShellScriptBuildPhase section */

/* Begin PBXSourcesBuildPhase section */
		17654C671E61C54B0092A3D7 /* Sources */ = {
			isa = PBXSourcesBuildPhase;
			buildActionMask = 2147483647;
			files = (
				17654CAC1E61D2E20092A3D7 /* RoundButton.swift in Sources */,
				17654CB81E61D95E0092A3D7 /* MapViewController.swift in Sources */,
				17654CA71E61CBA90092A3D7 /* UserProfile.swift in Sources */,
				55E59DBC1E8981150014BD48 /* TrackListItem.swift in Sources */,
				17654CBC1E61D9960092A3D7 /* TabBarController.swift in Sources */,
				1706DA481E6C20A800358586 /* APImanager.swift in Sources */,
				55E59DB81E896D9C0014BD48 /* Colors.swift in Sources */,
				17C78C011EABA2420063C7F3 /* AvionicusAlerts.swift in Sources */,
				17B5D8671EA2881D00D63FCD /* AvionicusError.swift in Sources */,
				179EBB2A1EB4DB8B00BEBE10 /* RecordSessionMetadata.swift in Sources */,
				17654CC31E61DF4A0092A3D7 /* TracksTableViewController.swift in Sources */,
				17654CB01E61D2F50092A3D7 /* LoginViewController.swift in Sources */,
				17DEAFD21EABB85100DBD191 /* ProfileItem.swift in Sources */,
				55DF32FF1E885674007FA5F2 /* TrackerItem.swift in Sources */,
				174C40421EB6713000B42CE5 /* UserFriendList.swift in Sources */,
				17654CA81E61CBA90092A3D7 /* UserRegistration.swift in Sources */,
				179EBB281EB4D7E700BEBE10 /* RecordSession.swift in Sources */,
				174C404E1EB684C400B42CE5 /* FriendTableViewController.swift in Sources */,
				17526ECF1EB7776900222E34 /* FriendTableViewCell.swift in Sources */,
				55E59DAF1E894E4C0014BD48 /* TracksTableHeaderView.swift in Sources */,
				179EBB2E1EB4FBBF00BEBE10 /* UserFriend.swift in Sources */,
				176BEE0A1EBE0F7500853ECA /* FileDetailViewController.swift in Sources */,
				17654CB61E61D9510092A3D7 /* MainViewControllerController.swift in Sources */,
				17654CB31E61D3110092A3D7 /* KeyboardHideManager.swift in Sources */,
				551788B31EAA75DA00D05420 /* TrackDetails.swift in Sources */,
				55DF32FA1E88473A007FA5F2 /* TracksTableViewCell.swift in Sources */,
				17654CC51E61F33D0092A3D7 /* MenuTableViewCell.swift in Sources */,
				176759981E71703B00DD5CD1 /* SideMenuTableViewController.swift in Sources */,
				17654CB11E61D2F50092A3D7 /* RegistrationViewController.swift in Sources */,
				17654CAD1E61D2E20092A3D7 /* RoundTextField.swift in Sources */,
				1706DA4A1E6CB95300358586 /* TrackList.swift in Sources */,
				17654CA61E61CBA90092A3D7 /* UserData.swift in Sources */,
				176BEE071EBE0CC600853ECA /* FilesTableViewController.swift in Sources */,
				17654CA21E61C9C70092A3D7 /* Constans.swift in Sources */,
				1767599A1E71770500DD5CD1 /* SideMenuTableViewCell.swift in Sources */,
				17654CC71E61F3F70092A3D7 /* ProfileTableViewController.swift in Sources */,
				171869231E8EA02700036631 /* LaunchViewController.swift in Sources */,
				551788B11EAA601E00D05420 /* TracksDetailViewController.swift in Sources */,
				17654C6F1E61C54B0092A3D7 /* AppDelegate.swift in Sources */,
			);
			runOnlyForDeploymentPostprocessing = 0;
		};
		17654C7B1E61C54B0092A3D7 /* Sources */ = {
			isa = PBXSourcesBuildPhase;
			buildActionMask = 2147483647;
			files = (
				55DF33001E885674007FA5F2 /* TrackerItem.swift in Sources */,
				55E59DB91E896D9C0014BD48 /* Colors.swift in Sources */,
				17654C841E61C54B0092A3D7 /* AvionicusTests.swift in Sources */,
				55E59DB01E894E4C0014BD48 /* TracksTableHeaderView.swift in Sources */,
				55E59DBD1E8981150014BD48 /* TrackListItem.swift in Sources */,
				55DF32FB1E88473A007FA5F2 /* TracksTableViewCell.swift in Sources */,
			);
			runOnlyForDeploymentPostprocessing = 0;
		};
		17654C861E61C54B0092A3D7 /* Sources */ = {
			isa = PBXSourcesBuildPhase;
			buildActionMask = 2147483647;
			files = (
				55DF33011E885674007FA5F2 /* TrackerItem.swift in Sources */,
				55E59DBA1E896D9C0014BD48 /* Colors.swift in Sources */,
				17654C8F1E61C54B0092A3D7 /* AvionicusUITests.swift in Sources */,
				55E59DB11E894E4C0014BD48 /* TracksTableHeaderView.swift in Sources */,
				55E59DBE1E8981160014BD48 /* TrackListItem.swift in Sources */,
				55DF32FC1E88473A007FA5F2 /* TracksTableViewCell.swift in Sources */,
			);
			runOnlyForDeploymentPostprocessing = 0;
		};
/* End PBXSourcesBuildPhase section */

/* Begin PBXTargetDependency section */
		17654C811E61C54B0092A3D7 /* PBXTargetDependency */ = {
			isa = PBXTargetDependency;
			target = 17654C6A1E61C54B0092A3D7 /* Avionicus */;
			targetProxy = 17654C801E61C54B0092A3D7 /* PBXContainerItemProxy */;
		};
		17654C8C1E61C54B0092A3D7 /* PBXTargetDependency */ = {
			isa = PBXTargetDependency;
			target = 17654C6A1E61C54B0092A3D7 /* Avionicus */;
			targetProxy = 17654C8B1E61C54B0092A3D7 /* PBXContainerItemProxy */;
		};
/* End PBXTargetDependency section */

/* Begin PBXVariantGroup section */
		17654C771E61C54B0092A3D7 /* LaunchScreen.storyboard */ = {
			isa = PBXVariantGroup;
			children = (
				17654C781E61C54B0092A3D7 /* Base */,
			);
			name = LaunchScreen.storyboard;
			sourceTree = "<group>";
		};
		17654CBF1E61DCBF0092A3D7 /* Main.storyboard */ = {
			isa = PBXVariantGroup;
			children = (
				17654CC01E61DCBF0092A3D7 /* Base */,
			);
			name = Main.storyboard;
			sourceTree = "<group>";
		};
/* End PBXVariantGroup section */

/* Begin XCBuildConfiguration section */
		17654C911E61C54B0092A3D7 /* Debug */ = {
			isa = XCBuildConfiguration;
			buildSettings = {
				ALWAYS_SEARCH_USER_PATHS = NO;
				CLANG_ANALYZER_NONNULL = YES;
				CLANG_CXX_LANGUAGE_STANDARD = "gnu++0x";
				CLANG_CXX_LIBRARY = "libc++";
				CLANG_ENABLE_MODULES = YES;
				CLANG_ENABLE_OBJC_ARC = YES;
				CLANG_WARN_BOOL_CONVERSION = YES;
				CLANG_WARN_CONSTANT_CONVERSION = YES;
				CLANG_WARN_DIRECT_OBJC_ISA_USAGE = YES_ERROR;
				CLANG_WARN_DOCUMENTATION_COMMENTS = YES;
				CLANG_WARN_EMPTY_BODY = YES;
				CLANG_WARN_ENUM_CONVERSION = YES;
				CLANG_WARN_INFINITE_RECURSION = YES;
				CLANG_WARN_INT_CONVERSION = YES;
				CLANG_WARN_OBJC_ROOT_CLASS = YES_ERROR;
				CLANG_WARN_SUSPICIOUS_MOVE = YES;
				CLANG_WARN_UNREACHABLE_CODE = YES;
				CLANG_WARN__DUPLICATE_METHOD_MATCH = YES;
				"CODE_SIGN_IDENTITY[sdk=iphoneos*]" = "iPhone Developer";
				COPY_PHASE_STRIP = NO;
				DEBUG_INFORMATION_FORMAT = dwarf;
				ENABLE_STRICT_OBJC_MSGSEND = YES;
				ENABLE_TESTABILITY = YES;
				GCC_C_LANGUAGE_STANDARD = gnu99;
				GCC_DYNAMIC_NO_PIC = NO;
				GCC_NO_COMMON_BLOCKS = YES;
				GCC_OPTIMIZATION_LEVEL = 0;
				GCC_PREPROCESSOR_DEFINITIONS = (
					"DEBUG=1",
					"$(inherited)",
				);
				GCC_WARN_64_TO_32_BIT_CONVERSION = YES;
				GCC_WARN_ABOUT_RETURN_TYPE = YES_ERROR;
				GCC_WARN_UNDECLARED_SELECTOR = YES;
				GCC_WARN_UNINITIALIZED_AUTOS = YES_AGGRESSIVE;
				GCC_WARN_UNUSED_FUNCTION = YES;
				GCC_WARN_UNUSED_VARIABLE = YES;
				IPHONEOS_DEPLOYMENT_TARGET = 10.2;
				MTL_ENABLE_DEBUG_INFO = YES;
				ONLY_ACTIVE_ARCH = YES;
				SDKROOT = iphoneos;
				SWIFT_ACTIVE_COMPILATION_CONDITIONS = DEBUG;
				SWIFT_OPTIMIZATION_LEVEL = "-Onone";
			};
			name = Debug;
		};
		17654C921E61C54B0092A3D7 /* Release */ = {
			isa = XCBuildConfiguration;
			buildSettings = {
				ALWAYS_SEARCH_USER_PATHS = NO;
				CLANG_ANALYZER_NONNULL = YES;
				CLANG_CXX_LANGUAGE_STANDARD = "gnu++0x";
				CLANG_CXX_LIBRARY = "libc++";
				CLANG_ENABLE_MODULES = YES;
				CLANG_ENABLE_OBJC_ARC = YES;
				CLANG_WARN_BOOL_CONVERSION = YES;
				CLANG_WARN_CONSTANT_CONVERSION = YES;
				CLANG_WARN_DIRECT_OBJC_ISA_USAGE = YES_ERROR;
				CLANG_WARN_DOCUMENTATION_COMMENTS = YES;
				CLANG_WARN_EMPTY_BODY = YES;
				CLANG_WARN_ENUM_CONVERSION = YES;
				CLANG_WARN_INFINITE_RECURSION = YES;
				CLANG_WARN_INT_CONVERSION = YES;
				CLANG_WARN_OBJC_ROOT_CLASS = YES_ERROR;
				CLANG_WARN_SUSPICIOUS_MOVE = YES;
				CLANG_WARN_UNREACHABLE_CODE = YES;
				CLANG_WARN__DUPLICATE_METHOD_MATCH = YES;
				"CODE_SIGN_IDENTITY[sdk=iphoneos*]" = "iPhone Developer";
				COPY_PHASE_STRIP = NO;
				DEBUG_INFORMATION_FORMAT = "dwarf-with-dsym";
				ENABLE_NS_ASSERTIONS = NO;
				ENABLE_STRICT_OBJC_MSGSEND = YES;
				GCC_C_LANGUAGE_STANDARD = gnu99;
				GCC_NO_COMMON_BLOCKS = YES;
				GCC_WARN_64_TO_32_BIT_CONVERSION = YES;
				GCC_WARN_ABOUT_RETURN_TYPE = YES_ERROR;
				GCC_WARN_UNDECLARED_SELECTOR = YES;
				GCC_WARN_UNINITIALIZED_AUTOS = YES_AGGRESSIVE;
				GCC_WARN_UNUSED_FUNCTION = YES;
				GCC_WARN_UNUSED_VARIABLE = YES;
				IPHONEOS_DEPLOYMENT_TARGET = 10.2;
				MTL_ENABLE_DEBUG_INFO = NO;
				SDKROOT = iphoneos;
				SWIFT_OPTIMIZATION_LEVEL = "-Owholemodule";
				VALIDATE_PRODUCT = YES;
			};
			name = Release;
		};
		17654C941E61C54B0092A3D7 /* Debug */ = {
			isa = XCBuildConfiguration;
			baseConfigurationReference = 715FF74BABC18F386CF8D320 /* Pods-Avionicus.debug.xcconfig */;
			buildSettings = {
				ASSETCATALOG_COMPILER_APPICON_NAME = AppIcon;
				DEVELOPMENT_TEAM = 9UWX4556KM;
				INFOPLIST_FILE = Avionicus/Info.plist;
				IPHONEOS_DEPLOYMENT_TARGET = 10.0;
				LD_RUNPATH_SEARCH_PATHS = "$(inherited) @executable_path/Frameworks";
				PRODUCT_BUNDLE_IDENTIFIER = Famil.Avionicus;
				PRODUCT_NAME = "$(TARGET_NAME)";
				SWIFT_VERSION = 3.0;
			};
			name = Debug;
		};
		17654C951E61C54B0092A3D7 /* Release */ = {
			isa = XCBuildConfiguration;
			baseConfigurationReference = 4BB8B8AD0799F7A2924D8FCC /* Pods-Avionicus.release.xcconfig */;
			buildSettings = {
				ASSETCATALOG_COMPILER_APPICON_NAME = AppIcon;
				DEVELOPMENT_TEAM = 9UWX4556KM;
				INFOPLIST_FILE = Avionicus/Info.plist;
				IPHONEOS_DEPLOYMENT_TARGET = 10.0;
				LD_RUNPATH_SEARCH_PATHS = "$(inherited) @executable_path/Frameworks";
				PRODUCT_BUNDLE_IDENTIFIER = Famil.Avionicus;
				PRODUCT_NAME = "$(TARGET_NAME)";
				SWIFT_VERSION = 3.0;
			};
			name = Release;
		};
		17654C971E61C54B0092A3D7 /* Debug */ = {
			isa = XCBuildConfiguration;
			buildSettings = {
				ALWAYS_EMBED_SWIFT_STANDARD_LIBRARIES = YES;
				BUNDLE_LOADER = "$(TEST_HOST)";
				DEVELOPMENT_TEAM = 9UWX4556KM;
				INFOPLIST_FILE = AvionicusTests/Info.plist;
				LD_RUNPATH_SEARCH_PATHS = "$(inherited) @executable_path/Frameworks @loader_path/Frameworks";
				PRODUCT_BUNDLE_IDENTIFIER = Famil.AvionicusTests;
				PRODUCT_NAME = "$(TARGET_NAME)";
				SWIFT_VERSION = 3.0;
				TEST_HOST = "$(BUILT_PRODUCTS_DIR)/Avionicus.app/Avionicus";
			};
			name = Debug;
		};
		17654C981E61C54B0092A3D7 /* Release */ = {
			isa = XCBuildConfiguration;
			buildSettings = {
				ALWAYS_EMBED_SWIFT_STANDARD_LIBRARIES = YES;
				BUNDLE_LOADER = "$(TEST_HOST)";
				DEVELOPMENT_TEAM = 9UWX4556KM;
				INFOPLIST_FILE = AvionicusTests/Info.plist;
				LD_RUNPATH_SEARCH_PATHS = "$(inherited) @executable_path/Frameworks @loader_path/Frameworks";
				PRODUCT_BUNDLE_IDENTIFIER = Famil.AvionicusTests;
				PRODUCT_NAME = "$(TARGET_NAME)";
				SWIFT_VERSION = 3.0;
				TEST_HOST = "$(BUILT_PRODUCTS_DIR)/Avionicus.app/Avionicus";
			};
			name = Release;
		};
		17654C9A1E61C54B0092A3D7 /* Debug */ = {
			isa = XCBuildConfiguration;
			buildSettings = {
				ALWAYS_EMBED_SWIFT_STANDARD_LIBRARIES = YES;
				DEVELOPMENT_TEAM = 9UWX4556KM;
				INFOPLIST_FILE = AvionicusUITests/Info.plist;
				LD_RUNPATH_SEARCH_PATHS = "$(inherited) @executable_path/Frameworks @loader_path/Frameworks";
				PRODUCT_BUNDLE_IDENTIFIER = Famil.AvionicusUITests;
				PRODUCT_NAME = "$(TARGET_NAME)";
				SWIFT_VERSION = 3.0;
				TEST_TARGET_NAME = Avionicus;
			};
			name = Debug;
		};
		17654C9B1E61C54B0092A3D7 /* Release */ = {
			isa = XCBuildConfiguration;
			buildSettings = {
				ALWAYS_EMBED_SWIFT_STANDARD_LIBRARIES = YES;
				DEVELOPMENT_TEAM = 9UWX4556KM;
				INFOPLIST_FILE = AvionicusUITests/Info.plist;
				LD_RUNPATH_SEARCH_PATHS = "$(inherited) @executable_path/Frameworks @loader_path/Frameworks";
				PRODUCT_BUNDLE_IDENTIFIER = Famil.AvionicusUITests;
				PRODUCT_NAME = "$(TARGET_NAME)";
				SWIFT_VERSION = 3.0;
				TEST_TARGET_NAME = Avionicus;
			};
			name = Release;
		};
/* End XCBuildConfiguration section */

/* Begin XCConfigurationList section */
		17654C661E61C54B0092A3D7 /* Build configuration list for PBXProject "Avionicus" */ = {
			isa = XCConfigurationList;
			buildConfigurations = (
				17654C911E61C54B0092A3D7 /* Debug */,
				17654C921E61C54B0092A3D7 /* Release */,
			);
			defaultConfigurationIsVisible = 0;
			defaultConfigurationName = Release;
		};
		17654C931E61C54B0092A3D7 /* Build configuration list for PBXNativeTarget "Avionicus" */ = {
			isa = XCConfigurationList;
			buildConfigurations = (
				17654C941E61C54B0092A3D7 /* Debug */,
				17654C951E61C54B0092A3D7 /* Release */,
			);
			defaultConfigurationIsVisible = 0;
			defaultConfigurationName = Release;
		};
		17654C961E61C54B0092A3D7 /* Build configuration list for PBXNativeTarget "AvionicusTests" */ = {
			isa = XCConfigurationList;
			buildConfigurations = (
				17654C971E61C54B0092A3D7 /* Debug */,
				17654C981E61C54B0092A3D7 /* Release */,
			);
			defaultConfigurationIsVisible = 0;
			defaultConfigurationName = Release;
		};
		17654C991E61C54B0092A3D7 /* Build configuration list for PBXNativeTarget "AvionicusUITests" */ = {
			isa = XCConfigurationList;
			buildConfigurations = (
				17654C9A1E61C54B0092A3D7 /* Debug */,
				17654C9B1E61C54B0092A3D7 /* Release */,
			);
			defaultConfigurationIsVisible = 0;
			defaultConfigurationName = Release;
		};
/* End XCConfigurationList section */
	};
	rootObject = 17654C631E61C54B0092A3D7 /* Project object */;
}
